
Microsoft Visual Studio Solution File, Format Version 12.00
# Visual Studio Version 17
VisualStudioVersion = 17.9.34728.123
MinimumVisualStudioVersion = 10.0.40219.1
Project("{FAE04EC0-301F-11D3-BF4B-00C04F79EFBC}") = "GameDataParser", "GameDataParser\GameDataParser.csproj", "{835094D3-DC82-4D3F-849E-F4F0C376E7AB}"
EndProject
Global
	GlobalSection(SolutionConfigurationPlatforms) = preSolution
		Debug|Any CPU = Debug|Any CPU
		Release|Any CPU = Release|Any CPU
	EndGlobalSection
	GlobalSection(ProjectConfigurationPlatforms) = postSolution
		{835094D3-DC82-4D3F-849E-F4F0C376E7AB}.Debug|Any CPU.ActiveCfg = Debug|Any CPU
		{835094D3-DC82-4D3F-849E-F4F0C376E7AB}.Debug|Any CPU.Build.0 = Debug|Any CPU
		{835094D3-DC82-4D3F-849E-F4F0C376E7AB}.Release|Any CPU.ActiveCfg = Release|Any CPU
		{835094D3-DC82-4D3F-849E-F4F0C376E7AB}.Release|Any CPU.Build.0 = Release|Any CPU
	EndGlobalSection
	GlobalSection(SolutionProperties) = preSolution
		HideSolutionNode = FALSE
	EndGlobalSection
	GlobalSection(ExtensibilityGlobals) = postSolution
		SolutionGuid = {C022BCAA-1459-4A4F-980E-33951472F964}
	EndGlobalSection
EndGlobal
